// !$*UTF8*$!
{
	archiveVersion = 1;
	classes = {
	};
	objectVersion = 46;
	objects = {

/* Begin PBXBuildFile section */
		363974271DFF97EF300D0169 /* libPods-MuCha.a in Frameworks */ = {isa = PBXBuildFile; fileRef = 40F56D89EB353E157A4C4C3D /* libPods-MuCha.a */; };
		480E80A51CECEF0A005E78D4 /* CoreData.framework in Frameworks */ = {isa = PBXBuildFile; fileRef = 480E80A41CECEF0A005E78D4 /* CoreData.framework */; };
		480E80C71CECF223005E78D4 /* MuchaModel.xcdatamodeld in Sources */ = {isa = PBXBuildFile; fileRef = 480E80C51CECF223005E78D4 /* MuchaModel.xcdatamodeld */; };
		480E80D01CECF2AA005E78D4 /* MessageInbox+CoreDataProperties.m in Sources */ = {isa = PBXBuildFile; fileRef = 480E80C91CECF2AA005E78D4 /* MessageInbox+CoreDataProperties.m */; };
		480E80D11CECF2AA005E78D4 /* MessageInbox.m in Sources */ = {isa = PBXBuildFile; fileRef = 480E80CB1CECF2AA005E78D4 /* MessageInbox.m */; };
		480E80D21CECF2AA005E78D4 /* RecentInbox+CoreDataProperties.m in Sources */ = {isa = PBXBuildFile; fileRef = 480E80CD1CECF2AA005E78D4 /* RecentInbox+CoreDataProperties.m */; };
		480E80D31CECF2AA005E78D4 /* RecentInbox.m in Sources */ = {isa = PBXBuildFile; fileRef = 480E80CF1CECF2AA005E78D4 /* RecentInbox.m */; };
		489DB2121CD605EA0074B0E2 /* main.m in Sources */ = {isa = PBXBuildFile; fileRef = 489DB2111CD605EA0074B0E2 /* main.m */; };
		489DB2151CD605EA0074B0E2 /* AppDelegate.m in Sources */ = {isa = PBXBuildFile; fileRef = 489DB2141CD605EA0074B0E2 /* AppDelegate.m */; };
		489DB2181CD605EA0074B0E2 /* ViewController.m in Sources */ = {isa = PBXBuildFile; fileRef = 489DB2171CD605EA0074B0E2 /* ViewController.m */; };
		489DB21B1CD605EA0074B0E2 /* Main.storyboard in Resources */ = {isa = PBXBuildFile; fileRef = 489DB2191CD605EA0074B0E2 /* Main.storyboard */; };
		489DB21D1CD605EA0074B0E2 /* Assets.xcassets in Resources */ = {isa = PBXBuildFile; fileRef = 489DB21C1CD605EA0074B0E2 /* Assets.xcassets */; };
		489DB2201CD605EA0074B0E2 /* LaunchScreen.storyboard in Resources */ = {isa = PBXBuildFile; fileRef = 489DB21E1CD605EA0074B0E2 /* LaunchScreen.storyboard */; };
		489DB2291CD610DC0074B0E2 /* InboxViewController.m in Sources */ = {isa = PBXBuildFile; fileRef = 489DB2281CD610DC0074B0E2 /* InboxViewController.m */; };
		489DB22C1CD610F30074B0E2 /* ContactsViewController.m in Sources */ = {isa = PBXBuildFile; fileRef = 489DB22B1CD610F30074B0E2 /* ContactsViewController.m */; };
		489DB22F1CD6110D0074B0E2 /* ConnectViewController.m in Sources */ = {isa = PBXBuildFile; fileRef = 489DB22E1CD6110D0074B0E2 /* ConnectViewController.m */; };
		489DB2321CD6111E0074B0E2 /* ProfileViewController.m in Sources */ = {isa = PBXBuildFile; fileRef = 489DB2311CD6111E0074B0E2 /* ProfileViewController.m */; };
		489DB24F1CD6160F0074B0E2 /* icon_connect.png in Resources */ = {isa = PBXBuildFile; fileRef = 489DB24B1CD6160F0074B0E2 /* icon_connect.png */; };
		489DB2501CD6160F0074B0E2 /* icon_contacts.png in Resources */ = {isa = PBXBuildFile; fileRef = 489DB24C1CD6160F0074B0E2 /* icon_contacts.png */; };
		489DB2511CD6160F0074B0E2 /* icon_inbox.png in Resources */ = {isa = PBXBuildFile; fileRef = 489DB24D1CD6160F0074B0E2 /* icon_inbox.png */; };
		489DB2521CD6160F0074B0E2 /* icon_setting.png in Resources */ = {isa = PBXBuildFile; fileRef = 489DB24E1CD6160F0074B0E2 /* icon_setting.png */; };
		489DB2551CD617420074B0E2 /* icon_music.png in Resources */ = {isa = PBXBuildFile; fileRef = 489DB2541CD617420074B0E2 /* icon_music.png */; };
		489DB2581CD624830074B0E2 /* MusicViewController.m in Sources */ = {isa = PBXBuildFile; fileRef = 489DB2571CD624830074B0E2 /* MusicViewController.m */; };
		489DB25A1CD6264D0074B0E2 /* icon_play.png in Resources */ = {isa = PBXBuildFile; fileRef = 489DB2591CD6264D0074B0E2 /* icon_play.png */; };
		489DB25D1CD62A9F0074B0E2 /* MusicTableViewCell.m in Sources */ = {isa = PBXBuildFile; fileRef = 489DB25C1CD62A9F0074B0E2 /* MusicTableViewCell.m */; };
		489DB2601CD62DC30074B0E2 /* taylor.jpg in Resources */ = {isa = PBXBuildFile; fileRef = 489DB25F1CD62DC30074B0E2 /* taylor.jpg */; };
		489DB2621CD62EEC0074B0E2 /* icon_back.png in Resources */ = {isa = PBXBuildFile; fileRef = 489DB2611CD62EEC0074B0E2 /* icon_back.png */; };
		489DB2651CD63F470074B0E2 /* DataManager.m in Sources */ = {isa = PBXBuildFile; fileRef = 489DB2641CD63F470074B0E2 /* DataManager.m */; };
		489DB2681CD640370074B0E2 /* Music.m in Sources */ = {isa = PBXBuildFile; fileRef = 489DB2671CD640370074B0E2 /* Music.m */; };
		489DB26C1CD7317D0074B0E2 /* FBSDKCoreKit.framework in Frameworks */ = {isa = PBXBuildFile; fileRef = 489DB2691CD7317D0074B0E2 /* FBSDKCoreKit.framework */; };
		489DB26D1CD7317D0074B0E2 /* FBSDKLoginKit.framework in Frameworks */ = {isa = PBXBuildFile; fileRef = 489DB26A1CD7317D0074B0E2 /* FBSDKLoginKit.framework */; };
		489DB26E1CD7317D0074B0E2 /* FBSDKShareKit.framework in Frameworks */ = {isa = PBXBuildFile; fileRef = 489DB26B1CD7317D0074B0E2 /* FBSDKShareKit.framework */; };
		489DB2711CD7356A0074B0E2 /* icon_logo.png in Resources */ = {isa = PBXBuildFile; fileRef = 489DB2701CD7356A0074B0E2 /* icon_logo.png */; };
		4A02A39D1CE05CD900EDC8C5 /* server in Resources */ = {isa = PBXBuildFile; fileRef = 4A02A39C1CE05CD900EDC8C5 /* server */; };
		4A27573E1CE4884E007DFD01 /* ChatViewController.m in Sources */ = {isa = PBXBuildFile; fileRef = 4A27573D1CE4884E007DFD01 /* ChatViewController.m */; };
		4A2757411CE48B01007DFD01 /* ChatTableViewCell.m in Sources */ = {isa = PBXBuildFile; fileRef = 4A2757401CE48B01007DFD01 /* ChatTableViewCell.m */; };
		4A2757441CE48D9D007DFD01 /* Message.m in Sources */ = {isa = PBXBuildFile; fileRef = 4A2757431CE48D9D007DFD01 /* Message.m */; };
		4A2757481CE4D312007DFD01 /* ConectTableViewCell.m in Sources */ = {isa = PBXBuildFile; fileRef = 4A2757471CE4D312007DFD01 /* ConectTableViewCell.m */; };
		4A27574B1CE4D3BB007DFD01 /* Room.m in Sources */ = {isa = PBXBuildFile; fileRef = 4A27574A1CE4D3BB007DFD01 /* Room.m */; };
		4A63AFF61CDDBD470072C4F8 /* ServiceManager.m in Sources */ = {isa = PBXBuildFile; fileRef = 4A63AFF51CDDBD470072C4F8 /* ServiceManager.m */; };
		4A93BFE91CE9B91300563B4E /* music_placeholder.png in Resources */ = {isa = PBXBuildFile; fileRef = 4A93BFE81CE9B91300563B4E /* music_placeholder.png */; };
		4AA629A71CEB77E3002D845F /* Recent.m in Sources */ = {isa = PBXBuildFile; fileRef = 4AA629A61CEB77E3002D845F /* Recent.m */; };
		4AAB8B731CDD0E0100223613 /* FriendTableViewCell.m in Sources */ = {isa = PBXBuildFile; fileRef = 4AAB8B721CDD0E0100223613 /* FriendTableViewCell.m */; };
		4AAB8B761CDD0ED100223613 /* Friend.m in Sources */ = {isa = PBXBuildFile; fileRef = 4AAB8B751CDD0ED100223613 /* Friend.m */; };
		4AADBB741CE5AE4F003EC261 /* Lato-Hairline.ttf in Resources */ = {isa = PBXBuildFile; fileRef = 4AADBB701CE5AE28003EC261 /* Lato-Hairline.ttf */; };
		4AADBB751CE5AE4F003EC261 /* Lato-Light.ttf in Resources */ = {isa = PBXBuildFile; fileRef = 4AADBB711CE5AE28003EC261 /* Lato-Light.ttf */; };
		4AADBB761CE5AE4F003EC261 /* Lato-Thin.ttf in Resources */ = {isa = PBXBuildFile; fileRef = 4AADBB721CE5AE28003EC261 /* Lato-Thin.ttf */; };
		4ACFF9AE1CEAD4880011BACC /* img_background.jpg in Resources */ = {isa = PBXBuildFile; fileRef = 4ACFF9AD1CEAD4880011BACC /* img_background.jpg */; };
/* End PBXBuildFile section */

/* Begin PBXFileReference section */
		40F56D89EB353E157A4C4C3D /* libPods-MuCha.a */ = {isa = PBXFileReference; explicitFileType = archive.ar; includeInIndex = 0; path = "libPods-MuCha.a"; sourceTree = BUILT_PRODUCTS_DIR; };
		480E80A41CECEF0A005E78D4 /* CoreData.framework */ = {isa = PBXFileReference; lastKnownFileType = wrapper.framework; name = CoreData.framework; path = System/Library/Frameworks/CoreData.framework; sourceTree = SDKROOT; };
		480E80C61CECF223005E78D4 /* MuchaModel.xcdatamodel */ = {isa = PBXFileReference; lastKnownFileType = wrapper.xcdatamodel; path = MuchaModel.xcdatamodel; sourceTree = "<group>"; };
		480E80C81CECF2AA005E78D4 /* MessageInbox+CoreDataProperties.h */ = {isa = PBXFileReference; fileEncoding = 4; lastKnownFileType = sourcecode.c.h; path = "MessageInbox+CoreDataProperties.h"; sourceTree = "<group>"; };
		480E80C91CECF2AA005E78D4 /* MessageInbox+CoreDataProperties.m */ = {isa = PBXFileReference; fileEncoding = 4; lastKnownFileType = sourcecode.c.objc; path = "MessageInbox+CoreDataProperties.m"; sourceTree = "<group>"; };
		480E80CA1CECF2AA005E78D4 /* MessageInbox.h */ = {isa = PBXFileReference; fileEncoding = 4; lastKnownFileType = sourcecode.c.h; path = MessageInbox.h; sourceTree = "<group>"; };
		480E80CB1CECF2AA005E78D4 /* MessageInbox.m */ = {isa = PBXFileReference; fileEncoding = 4; lastKnownFileType = sourcecode.c.objc; path = MessageInbox.m; sourceTree = "<group>"; };
		480E80CC1CECF2AA005E78D4 /* RecentInbox+CoreDataProperties.h */ = {isa = PBXFileReference; fileEncoding = 4; lastKnownFileType = sourcecode.c.h; path = "RecentInbox+CoreDataProperties.h"; sourceTree = "<group>"; };
		480E80CD1CECF2AA005E78D4 /* RecentInbox+CoreDataProperties.m */ = {isa = PBXFileReference; fileEncoding = 4; lastKnownFileType = sourcecode.c.objc; path = "RecentInbox+CoreDataProperties.m"; sourceTree = "<group>"; };
		480E80CE1CECF2AA005E78D4 /* RecentInbox.h */ = {isa = PBXFileReference; fileEncoding = 4; lastKnownFileType = sourcecode.c.h; path = RecentInbox.h; sourceTree = "<group>"; };
		480E80CF1CECF2AA005E78D4 /* RecentInbox.m */ = {isa = PBXFileReference; fileEncoding = 4; lastKnownFileType = sourcecode.c.objc; path = RecentInbox.m; sourceTree = "<group>"; };
		489DB20D1CD605EA0074B0E2 /* MuCha.app */ = {isa = PBXFileReference; explicitFileType = wrapper.application; includeInIndex = 0; path = MuCha.app; sourceTree = BUILT_PRODUCTS_DIR; };
		489DB2111CD605EA0074B0E2 /* main.m */ = {isa = PBXFileReference; lastKnownFileType = sourcecode.c.objc; path = main.m; sourceTree = "<group>"; };
		489DB2131CD605EA0074B0E2 /* AppDelegate.h */ = {isa = PBXFileReference; lastKnownFileType = sourcecode.c.h; path = AppDelegate.h; sourceTree = "<group>"; };
		489DB2141CD605EA0074B0E2 /* AppDelegate.m */ = {isa = PBXFileReference; lastKnownFileType = sourcecode.c.objc; path = AppDelegate.m; sourceTree = "<group>"; };
		489DB2161CD605EA0074B0E2 /* ViewController.h */ = {isa = PBXFileReference; lastKnownFileType = sourcecode.c.h; path = ViewController.h; sourceTree = "<group>"; };
		489DB2171CD605EA0074B0E2 /* ViewController.m */ = {isa = PBXFileReference; lastKnownFileType = sourcecode.c.objc; path = ViewController.m; sourceTree = "<group>"; };
		489DB21A1CD605EA0074B0E2 /* Base */ = {isa = PBXFileReference; lastKnownFileType = file.storyboard; name = Base; path = Base.lproj/Main.storyboard; sourceTree = "<group>"; };
		489DB21C1CD605EA0074B0E2 /* Assets.xcassets */ = {isa = PBXFileReference; lastKnownFileType = folder.assetcatalog; path = Assets.xcassets; sourceTree = "<group>"; };
		489DB21F1CD605EA0074B0E2 /* Base */ = {isa = PBXFileReference; lastKnownFileType = file.storyboard; name = Base; path = Base.lproj/LaunchScreen.storyboard; sourceTree = "<group>"; };
		489DB2211CD605EA0074B0E2 /* Info.plist */ = {isa = PBXFileReference; lastKnownFileType = text.plist.xml; path = Info.plist; sourceTree = "<group>"; };
		489DB2271CD610DC0074B0E2 /* InboxViewController.h */ = {isa = PBXFileReference; fileEncoding = 4; lastKnownFileType = sourcecode.c.h; path = InboxViewController.h; sourceTree = "<group>"; };
		489DB2281CD610DC0074B0E2 /* InboxViewController.m */ = {isa = PBXFileReference; fileEncoding = 4; lastKnownFileType = sourcecode.c.objc; path = InboxViewController.m; sourceTree = "<group>"; };
		489DB22A1CD610F30074B0E2 /* ContactsViewController.h */ = {isa = PBXFileReference; fileEncoding = 4; lastKnownFileType = sourcecode.c.h; path = ContactsViewController.h; sourceTree = "<group>"; };
		489DB22B1CD610F30074B0E2 /* ContactsViewController.m */ = {isa = PBXFileReference; fileEncoding = 4; lastKnownFileType = sourcecode.c.objc; path = ContactsViewController.m; sourceTree = "<group>"; };
		489DB22D1CD6110D0074B0E2 /* ConnectViewController.h */ = {isa = PBXFileReference; fileEncoding = 4; lastKnownFileType = sourcecode.c.h; path = ConnectViewController.h; sourceTree = "<group>"; };
		489DB22E1CD6110D0074B0E2 /* ConnectViewController.m */ = {isa = PBXFileReference; fileEncoding = 4; lastKnownFileType = sourcecode.c.objc; path = ConnectViewController.m; sourceTree = "<group>"; };
		489DB2301CD6111E0074B0E2 /* ProfileViewController.h */ = {isa = PBXFileReference; fileEncoding = 4; lastKnownFileType = sourcecode.c.h; path = ProfileViewController.h; sourceTree = "<group>"; };
		489DB2311CD6111E0074B0E2 /* ProfileViewController.m */ = {isa = PBXFileReference; fileEncoding = 4; lastKnownFileType = sourcecode.c.objc; path = ProfileViewController.m; sourceTree = "<group>"; };
		489DB24B1CD6160F0074B0E2 /* icon_connect.png */ = {isa = PBXFileReference; lastKnownFileType = image.png; path = icon_connect.png; sourceTree = "<group>"; };
		489DB24C1CD6160F0074B0E2 /* icon_contacts.png */ = {isa = PBXFileReference; lastKnownFileType = image.png; path = icon_contacts.png; sourceTree = "<group>"; };
		489DB24D1CD6160F0074B0E2 /* icon_inbox.png */ = {isa = PBXFileReference; lastKnownFileType = image.png; path = icon_inbox.png; sourceTree = "<group>"; };
		489DB24E1CD6160F0074B0E2 /* icon_setting.png */ = {isa = PBXFileReference; lastKnownFileType = image.png; path = icon_setting.png; sourceTree = "<group>"; };
		489DB2541CD617420074B0E2 /* icon_music.png */ = {isa = PBXFileReference; lastKnownFileType = image.png; path = icon_music.png; sourceTree = "<group>"; };
		489DB2561CD624830074B0E2 /* MusicViewController.h */ = {isa = PBXFileReference; fileEncoding = 4; lastKnownFileType = sourcecode.c.h; path = MusicViewController.h; sourceTree = "<group>"; };
		489DB2571CD624830074B0E2 /* MusicViewController.m */ = {isa = PBXFileReference; fileEncoding = 4; lastKnownFileType = sourcecode.c.objc; path = MusicViewController.m; sourceTree = "<group>"; };
		489DB2591CD6264D0074B0E2 /* icon_play.png */ = {isa = PBXFileReference; lastKnownFileType = image.png; path = icon_play.png; sourceTree = "<group>"; };
		489DB25B1CD62A9F0074B0E2 /* MusicTableViewCell.h */ = {isa = PBXFileReference; fileEncoding = 4; lastKnownFileType = sourcecode.c.h; path = MusicTableViewCell.h; sourceTree = "<group>"; };
		489DB25C1CD62A9F0074B0E2 /* MusicTableViewCell.m */ = {isa = PBXFileReference; fileEncoding = 4; lastKnownFileType = sourcecode.c.objc; path = MusicTableViewCell.m; sourceTree = "<group>"; };
		489DB25F1CD62DC30074B0E2 /* taylor.jpg */ = {isa = PBXFileReference; lastKnownFileType = image.jpeg; path = taylor.jpg; sourceTree = "<group>"; };
		489DB2611CD62EEC0074B0E2 /* icon_back.png */ = {isa = PBXFileReference; lastKnownFileType = image.png; path = icon_back.png; sourceTree = "<group>"; };
		489DB2631CD63F470074B0E2 /* DataManager.h */ = {isa = PBXFileReference; fileEncoding = 4; lastKnownFileType = sourcecode.c.h; path = DataManager.h; sourceTree = "<group>"; };
		489DB2641CD63F470074B0E2 /* DataManager.m */ = {isa = PBXFileReference; fileEncoding = 4; lastKnownFileType = sourcecode.c.objc; path = DataManager.m; sourceTree = "<group>"; };
		489DB2661CD640370074B0E2 /* Music.h */ = {isa = PBXFileReference; fileEncoding = 4; lastKnownFileType = sourcecode.c.h; path = Music.h; sourceTree = "<group>"; };
		489DB2671CD640370074B0E2 /* Music.m */ = {isa = PBXFileReference; fileEncoding = 4; lastKnownFileType = sourcecode.c.objc; path = Music.m; sourceTree = "<group>"; };
		489DB2691CD7317D0074B0E2 /* FBSDKCoreKit.framework */ = {isa = PBXFileReference; lastKnownFileType = wrapper.framework; path = FBSDKCoreKit.framework; sourceTree = "<group>"; };
		489DB26A1CD7317D0074B0E2 /* FBSDKLoginKit.framework */ = {isa = PBXFileReference; lastKnownFileType = wrapper.framework; path = FBSDKLoginKit.framework; sourceTree = "<group>"; };
		489DB26B1CD7317D0074B0E2 /* FBSDKShareKit.framework */ = {isa = PBXFileReference; lastKnownFileType = wrapper.framework; path = FBSDKShareKit.framework; sourceTree = "<group>"; };
		489DB2701CD7356A0074B0E2 /* icon_logo.png */ = {isa = PBXFileReference; lastKnownFileType = image.png; path = icon_logo.png; sourceTree = "<group>"; };
		4A02A39C1CE05CD900EDC8C5 /* server */ = {isa = PBXFileReference; lastKnownFileType = folder; path = server; sourceTree = "<group>"; };
		4A27573C1CE4884E007DFD01 /* ChatViewController.h */ = {isa = PBXFileReference; fileEncoding = 4; lastKnownFileType = sourcecode.c.h; path = ChatViewController.h; sourceTree = "<group>"; };
		4A27573D1CE4884E007DFD01 /* ChatViewController.m */ = {isa = PBXFileReference; fileEncoding = 4; lastKnownFileType = sourcecode.c.objc; path = ChatViewController.m; sourceTree = "<group>"; };
		4A27573F1CE48B01007DFD01 /* ChatTableViewCell.h */ = {isa = PBXFileReference; fileEncoding = 4; lastKnownFileType = sourcecode.c.h; path = ChatTableViewCell.h; sourceTree = "<group>"; };
		4A2757401CE48B01007DFD01 /* ChatTableViewCell.m */ = {isa = PBXFileReference; fileEncoding = 4; lastKnownFileType = sourcecode.c.objc; path = ChatTableViewCell.m; sourceTree = "<group>"; };
		4A2757421CE48D9D007DFD01 /* Message.h */ = {isa = PBXFileReference; fileEncoding = 4; lastKnownFileType = sourcecode.c.h; path = Message.h; sourceTree = "<group>"; };
		4A2757431CE48D9D007DFD01 /* Message.m */ = {isa = PBXFileReference; fileEncoding = 4; lastKnownFileType = sourcecode.c.objc; path = Message.m; sourceTree = "<group>"; };
		4A2757461CE4D312007DFD01 /* ConectTableViewCell.h */ = {isa = PBXFileReference; fileEncoding = 4; lastKnownFileType = sourcecode.c.h; path = ConectTableViewCell.h; sourceTree = "<group>"; };
		4A2757471CE4D312007DFD01 /* ConectTableViewCell.m */ = {isa = PBXFileReference; fileEncoding = 4; lastKnownFileType = sourcecode.c.objc; path = ConectTableViewCell.m; sourceTree = "<group>"; };
		4A2757491CE4D3BB007DFD01 /* Room.h */ = {isa = PBXFileReference; fileEncoding = 4; lastKnownFileType = sourcecode.c.h; path = Room.h; sourceTree = "<group>"; };
		4A27574A1CE4D3BB007DFD01 /* Room.m */ = {isa = PBXFileReference; fileEncoding = 4; lastKnownFileType = sourcecode.c.objc; path = Room.m; sourceTree = "<group>"; };
		4A63AFF41CDDBD470072C4F8 /* ServiceManager.h */ = {isa = PBXFileReference; fileEncoding = 4; lastKnownFileType = sourcecode.c.h; path = ServiceManager.h; sourceTree = "<group>"; };
		4A63AFF51CDDBD470072C4F8 /* ServiceManager.m */ = {isa = PBXFileReference; fileEncoding = 4; lastKnownFileType = sourcecode.c.objc; path = ServiceManager.m; sourceTree = "<group>"; };
		4A7D85D81CE385E10066B884 /* MuCha-Bridging-Header.h */ = {isa = PBXFileReference; lastKnownFileType = sourcecode.c.h; path = "MuCha-Bridging-Header.h"; sourceTree = "<group>"; };
		4A93BFE81CE9B91300563B4E /* music_placeholder.png */ = {isa = PBXFileReference; lastKnownFileType = image.png; path = music_placeholder.png; sourceTree = "<group>"; };
		4AA629A51CEB77E3002D845F /* Recent.h */ = {isa = PBXFileReference; fileEncoding = 4; lastKnownFileType = sourcecode.c.h; path = Recent.h; sourceTree = "<group>"; };
		4AA629A61CEB77E3002D845F /* Recent.m */ = {isa = PBXFileReference; fileEncoding = 4; lastKnownFileType = sourcecode.c.objc; path = Recent.m; sourceTree = "<group>"; };
		4AAB8B711CDD0E0100223613 /* FriendTableViewCell.h */ = {isa = PBXFileReference; fileEncoding = 4; lastKnownFileType = sourcecode.c.h; path = FriendTableViewCell.h; sourceTree = "<group>"; };
		4AAB8B721CDD0E0100223613 /* FriendTableViewCell.m */ = {isa = PBXFileReference; fileEncoding = 4; lastKnownFileType = sourcecode.c.objc; path = FriendTableViewCell.m; sourceTree = "<group>"; };
		4AAB8B741CDD0ED100223613 /* Friend.h */ = {isa = PBXFileReference; fileEncoding = 4; lastKnownFileType = sourcecode.c.h; path = Friend.h; sourceTree = "<group>"; };
		4AAB8B751CDD0ED100223613 /* Friend.m */ = {isa = PBXFileReference; fileEncoding = 4; lastKnownFileType = sourcecode.c.objc; path = Friend.m; sourceTree = "<group>"; };
		4AADBB701CE5AE28003EC261 /* Lato-Hairline.ttf */ = {isa = PBXFileReference; lastKnownFileType = file; path = "Lato-Hairline.ttf"; sourceTree = "<group>"; };
		4AADBB711CE5AE28003EC261 /* Lato-Light.ttf */ = {isa = PBXFileReference; lastKnownFileType = file; path = "Lato-Light.ttf"; sourceTree = "<group>"; };
		4AADBB721CE5AE28003EC261 /* Lato-Thin.ttf */ = {isa = PBXFileReference; lastKnownFileType = file; path = "Lato-Thin.ttf"; sourceTree = "<group>"; };
		4ACFF9AD1CEAD4880011BACC /* img_background.jpg */ = {isa = PBXFileReference; lastKnownFileType = image.jpeg; path = img_background.jpg; sourceTree = "<group>"; };
		A658DB02599E12CCA2371845 /* Pods-MuCha.release.xcconfig */ = {isa = PBXFileReference; includeInIndex = 1; lastKnownFileType = text.xcconfig; name = "Pods-MuCha.release.xcconfig"; path = "Pods/Target Support Files/Pods-MuCha/Pods-MuCha.release.xcconfig"; sourceTree = "<group>"; };
		DEC1E7C5AEA834433967A5D9 /* Pods-MuCha.debug.xcconfig */ = {isa = PBXFileReference; includeInIndex = 1; lastKnownFileType = text.xcconfig; name = "Pods-MuCha.debug.xcconfig"; path = "Pods/Target Support Files/Pods-MuCha/Pods-MuCha.debug.xcconfig"; sourceTree = "<group>"; };
/* End PBXFileReference section */

/* Begin PBXFrameworksBuildPhase section */
		489DB20A1CD605EA0074B0E2 /* Frameworks */ = {
			isa = PBXFrameworksBuildPhase;
			buildActionMask = 2147483647;
			files = (
				480E80A51CECEF0A005E78D4 /* CoreData.framework in Frameworks */,
				489DB26D1CD7317D0074B0E2 /* FBSDKLoginKit.framework in Frameworks */,
				489DB26C1CD7317D0074B0E2 /* FBSDKCoreKit.framework in Frameworks */,
				489DB26E1CD7317D0074B0E2 /* FBSDKShareKit.framework in Frameworks */,
				363974271DFF97EF300D0169 /* libPods-MuCha.a in Frameworks */,
			);
			runOnlyForDeploymentPostprocessing = 0;
		};
/* End PBXFrameworksBuildPhase section */

/* Begin PBXGroup section */
		480E80B21CECF0E6005E78D4 /* ModelCoreData */ = {
			isa = PBXGroup;
			children = (
				4A7D85D81CE385E10066B884 /* MuCha-Bridging-Header.h */,
				480E80C51CECF223005E78D4 /* MuchaModel.xcdatamodeld */,
				480E80C81CECF2AA005E78D4 /* MessageInbox+CoreDataProperties.h */,
				480E80C91CECF2AA005E78D4 /* MessageInbox+CoreDataProperties.m */,
				480E80CA1CECF2AA005E78D4 /* MessageInbox.h */,
				480E80CB1CECF2AA005E78D4 /* MessageInbox.m */,
				480E80CC1CECF2AA005E78D4 /* RecentInbox+CoreDataProperties.h */,
				480E80CD1CECF2AA005E78D4 /* RecentInbox+CoreDataProperties.m */,
				480E80CE1CECF2AA005E78D4 /* RecentInbox.h */,
				480E80CF1CECF2AA005E78D4 /* RecentInbox.m */,
			);
			name = ModelCoreData;
			sourceTree = "<group>";
		};
		489DB2041CD605EA0074B0E2 = {
			isa = PBXGroup;
			children = (
				4A02A39C1CE05CD900EDC8C5 /* server */,
				489DB26F1CD731830074B0E2 /* Frameworks */,
				489DB20F1CD605EA0074B0E2 /* MuCha */,
				489DB20E1CD605EA0074B0E2 /* Products */,
				B7931DC4C9404DE57F585E1A /* Pods */,
			);
			sourceTree = "<group>";
		};
		489DB20E1CD605EA0074B0E2 /* Products */ = {
			isa = PBXGroup;
			children = (
				489DB20D1CD605EA0074B0E2 /* MuCha.app */,
			);
			name = Products;
			sourceTree = "<group>";
		};
		489DB20F1CD605EA0074B0E2 /* MuCha */ = {
			isa = PBXGroup;
			children = (
				4AADBB731CE5AE2C003EC261 /* Font */,
				489DB2531CD616170074B0E2 /* Icons */,
				489DB2131CD605EA0074B0E2 /* AppDelegate.h */,
				489DB2141CD605EA0074B0E2 /* AppDelegate.m */,
				489DB2191CD605EA0074B0E2 /* Main.storyboard */,
				489DB21C1CD605EA0074B0E2 /* Assets.xcassets */,
				489DB21E1CD605EA0074B0E2 /* LaunchScreen.storyboard */,
				489DB2211CD605EA0074B0E2 /* Info.plist */,
				489DB2101CD605EA0074B0E2 /* Supporting Files */,
				489DB2331CD611270074B0E2 /* Views */,
				489DB25E1CD62AA70074B0E2 /* Cells */,
				4A2757451CE48DA7007DFD01 /* ViewModel */,
				4A63AFF71CDDBD4F0072C4F8 /* Managers */,
				480E80B21CECF0E6005E78D4 /* ModelCoreData */,
			);
			path = MuCha;
			sourceTree = "<group>";
		};
		489DB2101CD605EA0074B0E2 /* Supporting Files */ = {
			isa = PBXGroup;
			children = (
				489DB2111CD605EA0074B0E2 /* main.m */,
			);
			name = "Supporting Files";
			sourceTree = "<group>";
		};
		489DB2331CD611270074B0E2 /* Views */ = {
			isa = PBXGroup;
			children = (
				489DB2161CD605EA0074B0E2 /* ViewController.h */,
				489DB2171CD605EA0074B0E2 /* ViewController.m */,
				489DB2271CD610DC0074B0E2 /* InboxViewController.h */,
				489DB2281CD610DC0074B0E2 /* InboxViewController.m */,
				489DB22A1CD610F30074B0E2 /* ContactsViewController.h */,
				489DB22B1CD610F30074B0E2 /* ContactsViewController.m */,
				489DB22D1CD6110D0074B0E2 /* ConnectViewController.h */,
				489DB22E1CD6110D0074B0E2 /* ConnectViewController.m */,
				489DB2301CD6111E0074B0E2 /* ProfileViewController.h */,
				489DB2311CD6111E0074B0E2 /* ProfileViewController.m */,
				489DB2561CD624830074B0E2 /* MusicViewController.h */,
				489DB2571CD624830074B0E2 /* MusicViewController.m */,
				4A27573C1CE4884E007DFD01 /* ChatViewController.h */,
				4A27573D1CE4884E007DFD01 /* ChatViewController.m */,
			);
			name = Views;
			sourceTree = "<group>";
		};
		489DB2531CD616170074B0E2 /* Icons */ = {
			isa = PBXGroup;
			children = (
				4ACFF9AD1CEAD4880011BACC /* img_background.jpg */,
				4A93BFE81CE9B91300563B4E /* music_placeholder.png */,
				489DB2701CD7356A0074B0E2 /* icon_logo.png */,
				489DB2611CD62EEC0074B0E2 /* icon_back.png */,
				489DB25F1CD62DC30074B0E2 /* taylor.jpg */,
				489DB2591CD6264D0074B0E2 /* icon_play.png */,
				489DB2541CD617420074B0E2 /* icon_music.png */,
				489DB24B1CD6160F0074B0E2 /* icon_connect.png */,
				489DB24C1CD6160F0074B0E2 /* icon_contacts.png */,
				489DB24D1CD6160F0074B0E2 /* icon_inbox.png */,
				489DB24E1CD6160F0074B0E2 /* icon_setting.png */,
			);
			name = Icons;
			sourceTree = "<group>";
		};
		489DB25E1CD62AA70074B0E2 /* Cells */ = {
			isa = PBXGroup;
			children = (
				489DB25B1CD62A9F0074B0E2 /* MusicTableViewCell.h */,
				489DB25C1CD62A9F0074B0E2 /* MusicTableViewCell.m */,
				4AAB8B711CDD0E0100223613 /* FriendTableViewCell.h */,
				4AAB8B721CDD0E0100223613 /* FriendTableViewCell.m */,
				4A27573F1CE48B01007DFD01 /* ChatTableViewCell.h */,
				4A2757401CE48B01007DFD01 /* ChatTableViewCell.m */,
				4A2757461CE4D312007DFD01 /* ConectTableViewCell.h */,
				4A2757471CE4D312007DFD01 /* ConectTableViewCell.m */,
			);
			name = Cells;
			sourceTree = "<group>";
		};
		489DB26F1CD731830074B0E2 /* Frameworks */ = {
			isa = PBXGroup;
			children = (
				480E80A41CECEF0A005E78D4 /* CoreData.framework */,
				489DB2691CD7317D0074B0E2 /* FBSDKCoreKit.framework */,
				489DB26A1CD7317D0074B0E2 /* FBSDKLoginKit.framework */,
				489DB26B1CD7317D0074B0E2 /* FBSDKShareKit.framework */,
				40F56D89EB353E157A4C4C3D /* libPods-MuCha.a */,
			);
			name = Frameworks;
			sourceTree = "<group>";
		};
		4A2757451CE48DA7007DFD01 /* ViewModel */ = {
			isa = PBXGroup;
			children = (
				4A2757431CE48D9D007DFD01 /* Message.m */,
				4A2757421CE48D9D007DFD01 /* Message.h */,
				489DB2661CD640370074B0E2 /* Music.h */,
				489DB2671CD640370074B0E2 /* Music.m */,
				4AAB8B741CDD0ED100223613 /* Friend.h */,
				4AAB8B751CDD0ED100223613 /* Friend.m */,
				4A2757491CE4D3BB007DFD01 /* Room.h */,
				4A27574A1CE4D3BB007DFD01 /* Room.m */,
				4AA629A51CEB77E3002D845F /* Recent.h */,
				4AA629A61CEB77E3002D845F /* Recent.m */,
			);
			name = ViewModel;
			sourceTree = "<group>";
		};
		4A63AFF71CDDBD4F0072C4F8 /* Managers */ = {
			isa = PBXGroup;
			children = (
				489DB2631CD63F470074B0E2 /* DataManager.h */,
				489DB2641CD63F470074B0E2 /* DataManager.m */,
				4A63AFF41CDDBD470072C4F8 /* ServiceManager.h */,
				4A63AFF51CDDBD470072C4F8 /* ServiceManager.m */,
			);
			name = Managers;
			sourceTree = "<group>";
		};
		4AADBB731CE5AE2C003EC261 /* Font */ = {
			isa = PBXGroup;
			children = (
				4AADBB701CE5AE28003EC261 /* Lato-Hairline.ttf */,
				4AADBB711CE5AE28003EC261 /* Lato-Light.ttf */,
				4AADBB721CE5AE28003EC261 /* Lato-Thin.ttf */,
			);
			name = Font;
			sourceTree = "<group>";
		};
		B7931DC4C9404DE57F585E1A /* Pods */ = {
			isa = PBXGroup;
			children = (
				DEC1E7C5AEA834433967A5D9 /* Pods-MuCha.debug.xcconfig */,
				A658DB02599E12CCA2371845 /* Pods-MuCha.release.xcconfig */,
			);
			name = Pods;
			sourceTree = "<group>";
		};
/* End PBXGroup section */

/* Begin PBXNativeTarget section */
		489DB20C1CD605EA0074B0E2 /* MuCha */ = {
			isa = PBXNativeTarget;
			buildConfigurationList = 489DB2241CD605EA0074B0E2 /* Build configuration list for PBXNativeTarget "MuCha" */;
			buildPhases = (
				89AC9E89DBC64DC5A8D63B07 /* Check Pods Manifest.lock */,
				489DB2091CD605EA0074B0E2 /* Sources */,
				489DB20A1CD605EA0074B0E2 /* Frameworks */,
				489DB20B1CD605EA0074B0E2 /* Resources */,
				2640DDB222B1FA9E52E2CBB6 /* Embed Pods Frameworks */,
				602EB7162CF8766BF92F2084 /* Copy Pods Resources */,
			);
			buildRules = (
			);
			dependencies = (
			);
			name = MuCha;
			productName = MuCha;
			productReference = 489DB20D1CD605EA0074B0E2 /* MuCha.app */;
			productType = "com.apple.product-type.application";
		};
/* End PBXNativeTarget section */

/* Begin PBXProject section */
		489DB2051CD605EA0074B0E2 /* Project object */ = {
			isa = PBXProject;
			attributes = {
				LastSwiftUpdateCheck = 0730;
				LastUpgradeCheck = 0720;
				ORGANIZATIONNAME = "Quyen Dang";
				TargetAttributes = {
					489DB20C1CD605EA0074B0E2 = {
						CreatedOnToolsVersion = 7.2.1;
						DevelopmentTeam = MMMG6T3Z8H;
					};
				};
			};
			buildConfigurationList = 489DB2081CD605EA0074B0E2 /* Build configuration list for PBXProject "MuCha" */;
			compatibilityVersion = "Xcode 3.2";
			developmentRegion = English;
			hasScannedForEncodings = 0;
			knownRegions = (
				en,
				Base,
			);
			mainGroup = 489DB2041CD605EA0074B0E2;
			productRefGroup = 489DB20E1CD605EA0074B0E2 /* Products */;
			projectDirPath = "";
			projectRoot = "";
			targets = (
				489DB20C1CD605EA0074B0E2 /* MuCha */,
			);
		};
/* End PBXProject section */

/* Begin PBXResourcesBuildPhase section */
		489DB20B1CD605EA0074B0E2 /* Resources */ = {
			isa = PBXResourcesBuildPhase;
			buildActionMask = 2147483647;
			files = (
				4AADBB741CE5AE4F003EC261 /* Lato-Hairline.ttf in Resources */,
				4ACFF9AE1CEAD4880011BACC /* img_background.jpg in Resources */,
				4AADBB751CE5AE4F003EC261 /* Lato-Light.ttf in Resources */,
				4AADBB761CE5AE4F003EC261 /* Lato-Thin.ttf in Resources */,
				4A02A39D1CE05CD900EDC8C5 /* server in Resources */,
				489DB2201CD605EA0074B0E2 /* LaunchScreen.storyboard in Resources */,
				489DB2711CD7356A0074B0E2 /* icon_logo.png in Resources */,
				4A93BFE91CE9B91300563B4E /* music_placeholder.png in Resources */,
				489DB24F1CD6160F0074B0E2 /* icon_connect.png in Resources */,
				489DB2551CD617420074B0E2 /* icon_music.png in Resources */,
				489DB21D1CD605EA0074B0E2 /* Assets.xcassets in Resources */,
				489DB2621CD62EEC0074B0E2 /* icon_back.png in Resources */,
				489DB2511CD6160F0074B0E2 /* icon_inbox.png in Resources */,
				489DB25A1CD6264D0074B0E2 /* icon_play.png in Resources */,
				489DB2521CD6160F0074B0E2 /* icon_setting.png in Resources */,
				489DB2501CD6160F0074B0E2 /* icon_contacts.png in Resources */,
				489DB2601CD62DC30074B0E2 /* taylor.jpg in Resources */,
				489DB21B1CD605EA0074B0E2 /* Main.storyboard in Resources */,
			);
			runOnlyForDeploymentPostprocessing = 0;
		};
/* End PBXResourcesBuildPhase section */

/* Begin PBXShellScriptBuildPhase section */
		2640DDB222B1FA9E52E2CBB6 /* Embed Pods Frameworks */ = {
			isa = PBXShellScriptBuildPhase;
			buildActionMask = 2147483647;
			files = (
			);
			inputPaths = (
			);
			name = "Embed Pods Frameworks";
			outputPaths = (
			);
			runOnlyForDeploymentPostprocessing = 0;
			shellPath = /bin/sh;
			shellScript = "\"${SRCROOT}/Pods/Target Support Files/Pods-MuCha/Pods-MuCha-frameworks.sh\"\n";
			showEnvVarsInLog = 0;
		};
		602EB7162CF8766BF92F2084 /* Copy Pods Resources */ = {
			isa = PBXShellScriptBuildPhase;
			buildActionMask = 2147483647;
			files = (
			);
			inputPaths = (
			);
			name = "Copy Pods Resources";
			outputPaths = (
			);
			runOnlyForDeploymentPostprocessing = 0;
			shellPath = /bin/sh;
			shellScript = "\"${SRCROOT}/Pods/Target Support Files/Pods-MuCha/Pods-MuCha-resources.sh\"\n";
			showEnvVarsInLog = 0;
		};
		89AC9E89DBC64DC5A8D63B07 /* Check Pods Manifest.lock */ = {
			isa = PBXShellScriptBuildPhase;
			buildActionMask = 2147483647;
			files = (
			);
			inputPaths = (
			);
			name = "Check Pods Manifest.lock";
			outputPaths = (
			);
			runOnlyForDeploymentPostprocessing = 0;
			shellPath = /bin/sh;
			shellScript = "diff \"${PODS_ROOT}/../Podfile.lock\" \"${PODS_ROOT}/Manifest.lock\" > /dev/null\nif [[ $? != 0 ]] ; then\n    cat << EOM\nerror: The sandbox is not in sync with the Podfile.lock. Run 'pod install' or update your CocoaPods installation.\nEOM\n    exit 1\nfi\n";
			showEnvVarsInLog = 0;
		};
/* End PBXShellScriptBuildPhase section */

/* Begin PBXSourcesBuildPhase section */
		489DB2091CD605EA0074B0E2 /* Sources */ = {
			isa = PBXSourcesBuildPhase;
			buildActionMask = 2147483647;
			files = (
				489DB2581CD624830074B0E2 /* MusicViewController.m in Sources */,
				4A2757411CE48B01007DFD01 /* ChatTableViewCell.m in Sources */,
				480E80D01CECF2AA005E78D4 /* MessageInbox+CoreDataProperties.m in Sources */,
				4AAB8B761CDD0ED100223613 /* Friend.m in Sources */,
				4A27573E1CE4884E007DFD01 /* ChatViewController.m in Sources */,
				4AA629A71CEB77E3002D845F /* Recent.m in Sources */,
				480E80D21CECF2AA005E78D4 /* RecentInbox+CoreDataProperties.m in Sources */,
				489DB2651CD63F470074B0E2 /* DataManager.m in Sources */,
				489DB2181CD605EA0074B0E2 /* ViewController.m in Sources */,
				489DB22F1CD6110D0074B0E2 /* ConnectViewController.m in Sources */,
				480E80D11CECF2AA005E78D4 /* MessageInbox.m in Sources */,
				4A63AFF61CDDBD470072C4F8 /* ServiceManager.m in Sources */,
				489DB2151CD605EA0074B0E2 /* AppDelegate.m in Sources */,
				4A2757481CE4D312007DFD01 /* ConectTableViewCell.m in Sources */,
				489DB25D1CD62A9F0074B0E2 /* MusicTableViewCell.m in Sources */,
				489DB2681CD640370074B0E2 /* Music.m in Sources */,
				4AAB8B731CDD0E0100223613 /* FriendTableViewCell.m in Sources */,
				489DB22C1CD610F30074B0E2 /* ContactsViewController.m in Sources */,
				4A2757441CE48D9D007DFD01 /* Message.m in Sources */,
				489DB2321CD6111E0074B0E2 /* ProfileViewController.m in Sources */,
				489DB2121CD605EA0074B0E2 /* main.m in Sources */,
				480E80C71CECF223005E78D4 /* MuchaModel.xcdatamodeld in Sources */,
				4A27574B1CE4D3BB007DFD01 /* Room.m in Sources */,
				489DB2291CD610DC0074B0E2 /* InboxViewController.m in Sources */,
				480E80D31CECF2AA005E78D4 /* RecentInbox.m in Sources */,
			);
			runOnlyForDeploymentPostprocessing = 0;
		};
/* End PBXSourcesBuildPhase section */

/* Begin PBXVariantGroup section */
		489DB2191CD605EA0074B0E2 /* Main.storyboard */ = {
			isa = PBXVariantGroup;
			children = (
				489DB21A1CD605EA0074B0E2 /* Base */,
			);
			name = Main.storyboard;
			sourceTree = "<group>";
		};
		489DB21E1CD605EA0074B0E2 /* LaunchScreen.storyboard */ = {
			isa = PBXVariantGroup;
			children = (
				489DB21F1CD605EA0074B0E2 /* Base */,
			);
			name = LaunchScreen.storyboard;
			sourceTree = "<group>";
		};
/* End PBXVariantGroup section */

/* Begin XCBuildConfiguration section */
		489DB2221CD605EA0074B0E2 /* Debug */ = {
			isa = XCBuildConfiguration;
			buildSettings = {
				ALWAYS_SEARCH_USER_PATHS = NO;
				CLANG_CXX_LANGUAGE_STANDARD = "gnu++0x";
				CLANG_CXX_LIBRARY = "libc++";
				CLANG_ENABLE_MODULES = YES;
				CLANG_ENABLE_OBJC_ARC = YES;
				CLANG_WARN_BOOL_CONVERSION = YES;
				CLANG_WARN_CONSTANT_CONVERSION = YES;
				CLANG_WARN_DIRECT_OBJC_ISA_USAGE = YES_ERROR;
				CLANG_WARN_EMPTY_BODY = YES;
				CLANG_WARN_ENUM_CONVERSION = YES;
				CLANG_WARN_INT_CONVERSION = YES;
				CLANG_WARN_OBJC_ROOT_CLASS = YES_ERROR;
				CLANG_WARN_UNREACHABLE_CODE = YES;
				CLANG_WARN__DUPLICATE_METHOD_MATCH = YES;
				"CODE_SIGN_IDENTITY[sdk=iphoneos*]" = "iPhone Developer";
				COPY_PHASE_STRIP = NO;
				DEBUG_INFORMATION_FORMAT = dwarf;
				ENABLE_STRICT_OBJC_MSGSEND = YES;
				ENABLE_TESTABILITY = YES;
				GCC_C_LANGUAGE_STANDARD = gnu99;
				GCC_DYNAMIC_NO_PIC = NO;
				GCC_NO_COMMON_BLOCKS = YES;
				GCC_OPTIMIZATION_LEVEL = 0;
				GCC_PREPROCESSOR_DEFINITIONS = (
					"DEBUG=1",
					"$(inherited)",
				);
				GCC_WARN_64_TO_32_BIT_CONVERSION = YES;
				GCC_WARN_ABOUT_RETURN_TYPE = YES_ERROR;
				GCC_WARN_UNDECLARED_SELECTOR = YES;
				GCC_WARN_UNINITIALIZED_AUTOS = YES_AGGRESSIVE;
				GCC_WARN_UNUSED_FUNCTION = YES;
				GCC_WARN_UNUSED_VARIABLE = YES;
				IPHONEOS_DEPLOYMENT_TARGET = 9.2;
				MTL_ENABLE_DEBUG_INFO = YES;
				ONLY_ACTIVE_ARCH = YES;
				SDKROOT = iphoneos;
			};
			name = Debug;
		};
		489DB2231CD605EA0074B0E2 /* Release */ = {
			isa = XCBuildConfiguration;
			buildSettings = {
				ALWAYS_SEARCH_USER_PATHS = NO;
				CLANG_CXX_LANGUAGE_STANDARD = "gnu++0x";
				CLANG_CXX_LIBRARY = "libc++";
				CLANG_ENABLE_MODULES = YES;
				CLANG_ENABLE_OBJC_ARC = YES;
				CLANG_WARN_BOOL_CONVERSION = YES;
				CLANG_WARN_CONSTANT_CONVERSION = YES;
				CLANG_WARN_DIRECT_OBJC_ISA_USAGE = YES_ERROR;
				CLANG_WARN_EMPTY_BODY = YES;
				CLANG_WARN_ENUM_CONVERSION = YES;
				CLANG_WARN_INT_CONVERSION = YES;
				CLANG_WARN_OBJC_ROOT_CLASS = YES_ERROR;
				CLANG_WARN_UNREACHABLE_CODE = YES;
				CLANG_WARN__DUPLICATE_METHOD_MATCH = YES;
				"CODE_SIGN_IDENTITY[sdk=iphoneos*]" = "iPhone Developer";
				COPY_PHASE_STRIP = NO;
				DEBUG_INFORMATION_FORMAT = "dwarf-with-dsym";
				ENABLE_NS_ASSERTIONS = NO;
				ENABLE_STRICT_OBJC_MSGSEND = YES;
				GCC_C_LANGUAGE_STANDARD = gnu99;
				GCC_NO_COMMON_BLOCKS = YES;
				GCC_WARN_64_TO_32_BIT_CONVERSION = YES;
				GCC_WARN_ABOUT_RETURN_TYPE = YES_ERROR;
				GCC_WARN_UNDECLARED_SELECTOR = YES;
				GCC_WARN_UNINITIALIZED_AUTOS = YES_AGGRESSIVE;
				GCC_WARN_UNUSED_FUNCTION = YES;
				GCC_WARN_UNUSED_VARIABLE = YES;
				IPHONEOS_DEPLOYMENT_TARGET = 9.2;
				MTL_ENABLE_DEBUG_INFO = NO;
				SDKROOT = iphoneos;
				VALIDATE_PRODUCT = YES;
			};
			name = Release;
		};
		489DB2251CD605EA0074B0E2 /* Debug */ = {
			isa = XCBuildConfiguration;
			baseConfigurationReference = DEC1E7C5AEA834433967A5D9 /* Pods-MuCha.debug.xcconfig */;
			buildSettings = {
				ASSETCATALOG_COMPILER_APPICON_NAME = AppIcon;
				CLANG_ENABLE_MODULES = YES;
				CODE_SIGN_IDENTITY = "iPhone Developer";
				"CODE_SIGN_IDENTITY[sdk=iphoneos*]" = "iPhone Developer";
				FRAMEWORK_SEARCH_PATHS = (
					"$(inherited)",
					"$(PROJECT_DIR)",
				);
				INFOPLIST_FILE = MuCha/Info.plist;
				IPHONEOS_DEPLOYMENT_TARGET = 8.0;
				LD_RUNPATH_SEARCH_PATHS = "$(inherited) @executable_path/Frameworks";
				PRODUCT_BUNDLE_IDENTIFIER = com.vltudio.MuCha;
				PRODUCT_NAME = "$(TARGET_NAME)";
				PROVISIONING_PROFILE = "";
				SWIFT_OBJC_BRIDGING_HEADER = "MuCha/MuCha-Bridging-Header.h";
				SWIFT_OPTIMIZATION_LEVEL = "-Onone";
			};
			name = Debug;
		};
		489DB2261CD605EA0074B0E2 /* Release */ = {
			isa = XCBuildConfiguration;
			baseConfigurationReference = A658DB02599E12CCA2371845 /* Pods-MuCha.release.xcconfig */;
			buildSettings = {
				ASSETCATALOG_COMPILER_APPICON_NAME = AppIcon;
				CLANG_ENABLE_MODULES = YES;
				CODE_SIGN_IDENTITY = "iPhone Developer";
				"CODE_SIGN_IDENTITY[sdk=iphoneos*]" = "iPhone Developer";
				FRAMEWORK_SEARCH_PATHS = (
					"$(inherited)",
					"$(PROJECT_DIR)",
				);
				INFOPLIST_FILE = MuCha/Info.plist;
				IPHONEOS_DEPLOYMENT_TARGET = 8.0;
				LD_RUNPATH_SEARCH_PATHS = "$(inherited) @executable_path/Frameworks";
				PRODUCT_BUNDLE_IDENTIFIER = com.vltudio.MuCha;
				PRODUCT_NAME = "$(TARGET_NAME)";
				PROVISIONING_PROFILE = "";
				SWIFT_OBJC_BRIDGING_HEADER = "MuCha/MuCha-Bridging-Header.h";
			};
			name = Release;
		};
/* End XCBuildConfiguration section */

/* Begin XCConfigurationList section */
		489DB2081CD605EA0074B0E2 /* Build configuration list for PBXProject "MuCha" */ = {
			isa = XCConfigurationList;
			buildConfigurations = (
				489DB2221CD605EA0074B0E2 /* Debug */,
				489DB2231CD605EA0074B0E2 /* Release */,
			);
			defaultConfigurationIsVisible = 0;
			defaultConfigurationName = Release;
		};
		489DB2241CD605EA0074B0E2 /* Build configuration list for PBXNativeTarget "MuCha" */ = {
			isa = XCConfigurationList;
			buildConfigurations = (
				489DB2251CD605EA0074B0E2 /* Debug */,
				489DB2261CD605EA0074B0E2 /* Release */,
			);
			defaultConfigurationIsVisible = 0;
			defaultConfigurationName = Release;
		};
/* End XCConfigurationList section */

/* Begin XCVersionGroup section */
		480E80C51CECF223005E78D4 /* MuchaModel.xcdatamodeld */ = {
			isa = XCVersionGroup;
			children = (
				480E80C61CECF223005E78D4 /* MuchaModel.xcdatamodel */,
			);
			currentVersion = 480E80C61CECF223005E78D4 /* MuchaModel.xcdatamodel */;
			path = MuchaModel.xcdatamodeld;
			sourceTree = "<group>";
			versionGroupType = wrapper.xcdatamodel;
		};
/* End XCVersionGroup section */
	};
	rootObject = 489DB2051CD605EA0074B0E2 /* Project object */;
}
